<?xml version="1.0" encoding="utf-8"?>
<Project ToolsVersion="4.0" xmlns="http://schemas.microsoft.com/developer/msbuild/2003">
  <ItemGroup>
    <Filter Include="dll">
      <UniqueIdentifier>{5eec1092-f9e3-46d2-b857-c7c228f07cff}</UniqueIdentifier>
    </Filter>
    <Filter Include="Arena">
      <UniqueIdentifier>{4FC737F1-C7A5-4376-A066-2A32D752A2FF}</UniqueIdentifier>
      <Extensions>cpp;c;cc;cxx;def;odl;idl;hpj;bat;asm;asmx</Extensions>
    </Filter>
  </ItemGroup>
  <ItemGroup>
    <ClInclude Include="code\ArenaInterface\ArenaPlayerInterface.hpp">
      <Filter>Arena</Filter>
    </ClInclude>
  </ItemGroup>
  <ItemGroup>
    <ClCompile Include="code\dll\PlayerImpl.cpp">
      <Filter>dll</Filter>
    </ClCompile>
  </ItemGroup>
</Project>