<?xml version="1.0" encoding="utf-8"?>
<Project ToolsVersion="4.0" xmlns="http://schemas.microsoft.com/developer/msbuild/2003">
  <ItemGroup>
    <Filter Include="dll">
      <UniqueIdentifier>{5eec1092-f9e3-46d2-b857-c7c228f07cff}</UniqueIdentifier>
    </Filter>
    <Filter Include="Arena">
      <UniqueIdentifier>{4FC737F1-C7A5-4376-A066-2A32D752A2FF}</UniqueIdentifier>
      <Extensions>cpp;c;cc;cxx;def;odl;idl;hpj;bat;asm;asmx</Extensions>
    </Filter>
    <Filter Include="code">
      <UniqueIdentifier>{63cba3c1-aad0-4e58-9a2b-19646ca7c1d1}</UniqueIdentifier>
    </Filter>
    <Filter Include="Math">
      <UniqueIdentifier>{1db28253-185b-473c-9155-7d856bdf1232}</UniqueIdentifier>
    </Filter>
    <Filter Include="Architecture">
      <UniqueIdentifier>{5e757364-3e8a-48a4-ab06-3a710d2f3ce2}</UniqueIdentifier>
    </Filter>
    <Filter Include="Async">
      <UniqueIdentifier>{a525a56d-c628-4fe6-85ac-d49c8ea0e60a}</UniqueIdentifier>
    </Filter>
    <Filter Include="Geographer">
      <UniqueIdentifier>{c4666bab-1eca-4072-ab71-3108fc5695de}</UniqueIdentifier>
    </Filter>
    <Filter Include="Character">
      <UniqueIdentifier>{dfb40050-f170-4c08-8cc7-e0685cee94ad}</UniqueIdentifier>
    </Filter>
  </ItemGroup>
  <ItemGroup>
    <ClInclude Include="code\Arena\ArenaPlayerInterface.hpp">
      <Filter>Arena</Filter>
    </ClInclude>
    <ClInclude Include="code\Blackboard.hpp">
      <Filter>code</Filter>
    </ClInclude>
    <ClInclude Include="code\MainThread.hpp">
      <Filter>code</Filter>
    </ClInclude>
    <ClInclude Include="code\Math\RandomNumberGenerator.hpp">
      <Filter>Math</Filter>
    </ClInclude>
    <ClInclude Include="code\Math\IntVec2.hpp">
      <Filter>Math</Filter>
    </ClInclude>
    <ClInclude Include="code\Math\MathUtils.hpp">
      <Filter>Math</Filter>
    </ClInclude>
    <ClInclude Include="code\Math\Vec2.hpp">
      <Filter>Math</Filter>
    </ClInclude>
    <ClInclude Include="code\Math\RawNoise.hpp">
      <Filter>Math</Filter>
    </ClInclude>
    <ClInclude Include="code\Architecture\Heap.hpp">
      <Filter>Architecture</Filter>
    </ClInclude>
    <ClInclude Include="code\Async\AbstractRequest.hpp">
      <Filter>Async</Filter>
    </ClInclude>
    <ClInclude Include="code\Async\Dispatcher.hpp">
      <Filter>Async</Filter>
    </ClInclude>
    <ClInclude Include="code\Async\Worker.hpp">
      <Filter>Async</Filter>
    </ClInclude>
    <ClInclude Include="code\Async\Request.hpp">
      <Filter>Async</Filter>
    </ClInclude>
    <ClInclude Include="code\GameRequest.hpp">
      <Filter>code</Filter>
    </ClInclude>
    <ClInclude Include="code\Geographer\Geographer.hpp">
      <Filter>Geographer</Filter>
    </ClInclude>
    <ClInclude Include="code\Architecture\Queue.hpp">
      <Filter>Architecture</Filter>
    </ClInclude>
    <ClInclude Include="code\Architecture\QueueIterator.hpp">
      <Filter>Architecture</Filter>
    </ClInclude>
    <ClInclude Include="code\Architecture\FifoIterator.hpp">
      <Filter>Architecture</Filter>
    </ClInclude>
    <ClInclude Include="code\Geographer\SearchGraph.hpp">
      <Filter>Geographer</Filter>
    </ClInclude>
    <ClInclude Include="code\Character\AntUnit.hpp">
      <Filter>Character</Filter>
    </ClInclude>
    <ClInclude Include="code\Architecture\AntPool.hpp">
      <Filter>Architecture</Filter>
    </ClInclude>
    <ClInclude Include="code\Architecture\ErrorWarningAssert.hpp">
      <Filter>Architecture</Filter>
    </ClInclude>
    <ClInclude Include="code\Architecture\StringUtils.hpp">
      <Filter>Architecture</Filter>
    </ClInclude>
  </ItemGroup>
  <ItemGroup>
    <ClCompile Include="code\dll\PlayerImpl.cpp">
      <Filter>dll</Filter>
    </ClCompile>
    <ClCompile Include="code\Blackboard.cpp">
      <Filter>code</Filter>
    </ClCompile>
    <ClCompile Include="code\MainThread.cpp">
      <Filter>code</Filter>
    </ClCompile>
    <ClCompile Include="code\Math\RandomNumberGenerator.cpp">
      <Filter>Math</Filter>
    </ClCompile>
    <ClCompile Include="code\Math\IntVec2.cpp">
      <Filter>Math</Filter>
    </ClCompile>
    <ClCompile Include="code\Math\MathUtils.cpp">
      <Filter>Math</Filter>
    </ClCompile>
    <ClCompile Include="code\Math\Vec2.cpp">
      <Filter>Math</Filter>
    </ClCompile>
    <ClCompile Include="code\Architecture\Heap.cpp">
      <Filter>Architecture</Filter>
    </ClCompile>
    <ClCompile Include="code\Async\Dispatcher.cpp">
      <Filter>Async</Filter>
    </ClCompile>
    <ClCompile Include="code\Async\Worker.cpp">
      <Filter>Async</Filter>
    </ClCompile>
    <ClCompile Include="code\Async\Request.cpp">
      <Filter>Async</Filter>
    </ClCompile>
    <ClCompile Include="code\GameRequest.cpp">
      <Filter>code</Filter>
    </ClCompile>
    <ClCompile Include="code\Geographer\Geographer.cpp">
      <Filter>Geographer</Filter>
    </ClCompile>
    <ClCompile Include="code\Architecture\Queue.cpp">
      <Filter>Architecture</Filter>
    </ClCompile>
    <ClCompile Include="code\Architecture\QueueIterator.cpp">
      <Filter>Architecture</Filter>
    </ClCompile>
    <ClCompile Include="code\Architecture\FifoIterator.cpp">
      <Filter>Architecture</Filter>
    </ClCompile>
    <ClCompile Include="code\Geographer\SearchGraph.cpp">
      <Filter>Geographer</Filter>
    </ClCompile>
    <ClCompile Include="code\Character\AntUnit.cpp">
      <Filter>Character</Filter>
    </ClCompile>
    <ClCompile Include="code\Architecture\AntPool.cpp">
      <Filter>Architecture</Filter>
    </ClCompile>
    <ClCompile Include="code\Architecture\ErrorWarningAssert.cpp">
      <Filter>Architecture</Filter>
    </ClCompile>
    <ClCompile Include="code\Architecture\StringUtils.cpp">
      <Filter>Architecture</Filter>
    </ClCompile>
  </ItemGroup>
</Project>